
Microsoft Visual Studio Solution File, Format Version 12.00
# Visual Studio Version 16
VisualStudioVersion = 16.0.32428.217
MinimumVisualStudioVersion = 10.0.40219.1
Project("{FAE04EC0-301F-11D3-BF4B-00C04F79EFBC}") = "ASVT_ALTAY_SPOT_ve_VERESİYE_TAKİP", "ASVT ALTAY SPOT ve VERESİYE TAKİP\ASVT_ALTAY_SPOT_ve_VERESİYE_TAKİP.csproj", "{736E4287-D364-412C-BC19-9B72C8B466ED}"
EndProject
Global
	GlobalSection(SolutionConfigurationPlatforms) = preSolution
		Debug|Any CPU = Debug|Any CPU
		Release|Any CPU = Release|Any CPU
	EndGlobalSection
	GlobalSection(ProjectConfigurationPlatforms) = postSolution
		{736E4287-D364-412C-BC19-9B72C8B466ED}.Debug|Any CPU.ActiveCfg = Debug|Any CPU
		{736E4287-D364-412C-BC19-9B72C8B466ED}.Debug|Any CPU.Build.0 = Debug|Any CPU
		{736E4287-D364-412C-BC19-9B72C8B466ED}.Release|Any CPU.ActiveCfg = Release|Any CPU
		{736E4287-D364-412C-BC19-9B72C8B466ED}.Release|Any CPU.Build.0 = Release|Any CPU
	EndGlobalSection
	GlobalSection(SolutionProperties) = preSolution
		HideSolutionNode = FALSE
	EndGlobalSection
	GlobalSection(ExtensibilityGlobals) = postSolution
		SolutionGuid = {08528BA2-14B8-450E-8DE7-A481BE276FC5}
	EndGlobalSection
EndGlobal
